
Microsoft Visual Studio Solution File, Format Version 12.00
# Visual Studio Version 16
VisualStudioVersion = 16.0.29728.190
MinimumVisualStudioVersion = 10.0.40219.1
Project("{FAE04EC0-301F-11D3-BF4B-00C04F79EFBC}") = "serveurJDRMVC", "serveurJDRMVC\serveurJDRMVC.csproj", "{FF374AAD-DB15-460A-B052-078F9E65593D}"
EndProject
Global
	GlobalSection(SolutionConfigurationPlatforms) = preSolution
		Debug|Any CPU = Debug|Any CPU
		Release|Any CPU = Release|Any CPU
	EndGlobalSection
	GlobalSection(ProjectConfigurationPlatforms) = postSolution
		{FF374AAD-DB15-460A-B052-078F9E65593D}.Debug|Any CPU.ActiveCfg = Debug|Any CPU
		{FF374AAD-DB15-460A-B052-078F9E65593D}.Debug|Any CPU.Build.0 = Debug|Any CPU
		{FF374AAD-DB15-460A-B052-078F9E65593D}.Release|Any CPU.ActiveCfg = Release|Any CPU
		{FF374AAD-DB15-460A-B052-078F9E65593D}.Release|Any CPU.Build.0 = Release|Any CPU
	EndGlobalSection
	GlobalSection(SolutionProperties) = preSolution
		HideSolutionNode = FALSE
	EndGlobalSection
	GlobalSection(ExtensibilityGlobals) = postSolution
		SolutionGuid = {268FAEBD-7FF8-4BFB-AC26-90A61FEADD48}
	EndGlobalSection
EndGlobal
